
Microsoft Visual Studio Solution File, Format Version 12.00
# Visual Studio Version 16
VisualStudioVersion = 16.0.30128.74
MinimumVisualStudioVersion = 10.0.40219.1
Project("{9A19103F-16F7-4668-BE54-9A1E7A4F7556}") = "WebDev.Application", "WebDev.Application\WebDev.Application.csproj", "{D561090D-EAA8-4650-B6E4-88AA918D0D92}"
EndProject
Project("{FAE04EC0-301F-11D3-BF4B-00C04F79EFBC}") = "WebDev.Services", "WebDev.Services\WebDev.Services.csproj", "{311C5F97-60ED-4740-81A2-F943FA1F2C87}"
EndProject
Global
	GlobalSection(SolutionConfigurationPlatforms) = preSolution
		Debug|Any CPU = Debug|Any CPU
		Release|Any CPU = Release|Any CPU
	EndGlobalSection
	GlobalSection(ProjectConfigurationPlatforms) = postSolution
		{D561090D-EAA8-4650-B6E4-88AA918D0D92}.Debug|Any CPU.ActiveCfg = Debug|Any CPU
		{D561090D-EAA8-4650-B6E4-88AA918D0D92}.Debug|Any CPU.Build.0 = Debug|Any CPU
		{D561090D-EAA8-4650-B6E4-88AA918D0D92}.Release|Any CPU.ActiveCfg = Release|Any CPU
		{D561090D-EAA8-4650-B6E4-88AA918D0D92}.Release|Any CPU.Build.0 = Release|Any CPU
		{311C5F97-60ED-4740-81A2-F943FA1F2C87}.Debug|Any CPU.ActiveCfg = Debug|Any CPU
		{311C5F97-60ED-4740-81A2-F943FA1F2C87}.Debug|Any CPU.Build.0 = Debug|Any CPU
		{311C5F97-60ED-4740-81A2-F943FA1F2C87}.Release|Any CPU.ActiveCfg = Release|Any CPU
		{311C5F97-60ED-4740-81A2-F943FA1F2C87}.Release|Any CPU.Build.0 = Release|Any CPU
	EndGlobalSection
	GlobalSection(SolutionProperties) = preSolution
		HideSolutionNode = FALSE
	EndGlobalSection
	GlobalSection(ExtensibilityGlobals) = postSolution
		SolutionGuid = {3B15DDA7-BD92-4308-9094-BA5ECA10FF3E}
	EndGlobalSection
EndGlobal
