
Microsoft Visual Studio Solution File, Format Version 12.00
# Visual Studio Version 16
VisualStudioVersion = 16.0.30611.23
MinimumVisualStudioVersion = 10.0.40219.1
Project("{9A19103F-16F7-4668-BE54-9A1E7A4F7556}") = "WebDev.Application", "WebDev.Application\WebDev.Application.csproj", "{BDFD8367-2E95-476E-A8F3-55D68595AB76}"
EndProject
Project("{9A19103F-16F7-4668-BE54-9A1E7A4F7556}") = "WebDev.Services", "WebDev.Services\WebDev.Services\WebDev.Services.csproj", "{53EB7FCC-2A48-4AA6-AB1E-AA879F86FFFB}"
EndProject
Project("{FAE04EC0-301F-11D3-BF4B-00C04F79EFBC}") = "WebDev.Logins", "WebDev.Logins\WebDev.Logins.csproj", "{06BF81AC-F781-429A-98CF-2393B5C94782}"
EndProject
Global
	GlobalSection(SolutionConfigurationPlatforms) = preSolution
		Debug|Any CPU = Debug|Any CPU
		Release|Any CPU = Release|Any CPU
	EndGlobalSection
	GlobalSection(ProjectConfigurationPlatforms) = postSolution
		{BDFD8367-2E95-476E-A8F3-55D68595AB76}.Debug|Any CPU.ActiveCfg = Debug|Any CPU
		{BDFD8367-2E95-476E-A8F3-55D68595AB76}.Debug|Any CPU.Build.0 = Debug|Any CPU
		{BDFD8367-2E95-476E-A8F3-55D68595AB76}.Release|Any CPU.ActiveCfg = Release|Any CPU
		{BDFD8367-2E95-476E-A8F3-55D68595AB76}.Release|Any CPU.Build.0 = Release|Any CPU
		{53EB7FCC-2A48-4AA6-AB1E-AA879F86FFFB}.Debug|Any CPU.ActiveCfg = Debug|Any CPU
		{53EB7FCC-2A48-4AA6-AB1E-AA879F86FFFB}.Debug|Any CPU.Build.0 = Debug|Any CPU
		{53EB7FCC-2A48-4AA6-AB1E-AA879F86FFFB}.Release|Any CPU.ActiveCfg = Release|Any CPU
		{53EB7FCC-2A48-4AA6-AB1E-AA879F86FFFB}.Release|Any CPU.Build.0 = Release|Any CPU
		{06BF81AC-F781-429A-98CF-2393B5C94782}.Debug|Any CPU.ActiveCfg = Debug|Any CPU
		{06BF81AC-F781-429A-98CF-2393B5C94782}.Debug|Any CPU.Build.0 = Debug|Any CPU
		{06BF81AC-F781-429A-98CF-2393B5C94782}.Release|Any CPU.ActiveCfg = Release|Any CPU
		{06BF81AC-F781-429A-98CF-2393B5C94782}.Release|Any CPU.Build.0 = Release|Any CPU
	EndGlobalSection
	GlobalSection(SolutionProperties) = preSolution
		HideSolutionNode = FALSE
	EndGlobalSection
	GlobalSection(ExtensibilityGlobals) = postSolution
		SolutionGuid = {656CD78E-4DBF-4D2D-9234-987B05E03ADE}
	EndGlobalSection
EndGlobal
