
Microsoft Visual Studio Solution File, Format Version 12.00
# Visual Studio Version 16
VisualStudioVersion = 16.0.30611.23
MinimumVisualStudioVersion = 10.0.40219.1
Project("{FAE04EC0-301F-11D3-BF4B-00C04F79EFBC}") = "WebDev.api", "WebDev.api\WebDev.api.csproj", "{4086809B-DC7C-4900-A794-9A19A2144F51}"
EndProject
Global
	GlobalSection(SolutionConfigurationPlatforms) = preSolution
		Debug|Any CPU = Debug|Any CPU
		Release|Any CPU = Release|Any CPU
	EndGlobalSection
	GlobalSection(ProjectConfigurationPlatforms) = postSolution
		{4086809B-DC7C-4900-A794-9A19A2144F51}.Debug|Any CPU.ActiveCfg = Debug|Any CPU
		{4086809B-DC7C-4900-A794-9A19A2144F51}.Debug|Any CPU.Build.0 = Debug|Any CPU
		{4086809B-DC7C-4900-A794-9A19A2144F51}.Release|Any CPU.ActiveCfg = Release|Any CPU
		{4086809B-DC7C-4900-A794-9A19A2144F51}.Release|Any CPU.Build.0 = Release|Any CPU
	EndGlobalSection
	GlobalSection(SolutionProperties) = preSolution
		HideSolutionNode = FALSE
	EndGlobalSection
	GlobalSection(ExtensibilityGlobals) = postSolution
		SolutionGuid = {3EA48411-C539-4F30-87D0-68994889F24A}
	EndGlobalSection
EndGlobal
